// !$*UTF8*$!
{
	archiveVersion = 1;
	classes = {
	};
	objectVersion = 56;
	objects = {

/* Begin PBXBuildFile section */
		793C46FA2B17F0AC00993BC4 /* DeathNote.docc in Sources */ = {isa = PBXBuildFile; fileRef = 793C46F92B17F0AC00993BC4 /* DeathNote.docc */; };
		793C46FB2B17F0AC00993BC4 /* DeathNote.h in Headers */ = {isa = PBXBuildFile; fileRef = 793C46F82B17F0AC00993BC4 /* DeathNote.h */; settings = {ATTRIBUTES = (Public, ); }; };
		79A7A5502B1E69530009CED7 /* DLTextFieldStyle.swift in Sources */ = {isa = PBXBuildFile; fileRef = 79A7A54F2B1E69530009CED7 /* DLTextFieldStyle.swift */; };
		79C6DB812B1FBD890011C966 /* DLValidationRule.swift in Sources */ = {isa = PBXBuildFile; fileRef = 79C6DB802B1FBD890011C966 /* DLValidationRule.swift */; };
		79C6DB832B1FC1110011C966 /* DLValidationService.swift in Sources */ = {isa = PBXBuildFile; fileRef = 79C6DB822B1FC1110011C966 /* DLValidationService.swift */; };
		79C6DB852B1FC5DA0011C966 /* DLVisualFeedback.swift in Sources */ = {isa = PBXBuildFile; fileRef = 79C6DB842B1FC5DA0011C966 /* DLVisualFeedback.swift */; };
		79D05D212B1B6CAF000C2D1D /* DLTextField.swift in Sources */ = {isa = PBXBuildFile; fileRef = 79D05D202B1B6CAF000C2D1D /* DLTextField.swift */; };
		79D05D282B1CA443000C2D1D /* DLTextField+Modifiers.swift in Sources */ = {isa = PBXBuildFile; fileRef = 79D05D272B1CA443000C2D1D /* DLTextField+Modifiers.swift */; };
/* End PBXBuildFile section */

/* Begin PBXFileReference section */
		793C46F52B17F0AC00993BC4 /* DeathNote.framework */ = {isa = PBXFileReference; explicitFileType = wrapper.framework; includeInIndex = 0; path = DeathNote.framework; sourceTree = BUILT_PRODUCTS_DIR; };
		793C46F82B17F0AC00993BC4 /* DeathNote.h */ = {isa = PBXFileReference; lastKnownFileType = sourcecode.c.h; path = DeathNote.h; sourceTree = "<group>"; };
		793C46F92B17F0AC00993BC4 /* DeathNote.docc */ = {isa = PBXFileReference; lastKnownFileType = folder.documentationcatalog; path = DeathNote.docc; sourceTree = "<group>"; };
		79A7A54F2B1E69530009CED7 /* DLTextFieldStyle.swift */ = {isa = PBXFileReference; lastKnownFileType = sourcecode.swift; path = DLTextFieldStyle.swift; sourceTree = "<group>"; };
		79C6DB802B1FBD890011C966 /* DLValidationRule.swift */ = {isa = PBXFileReference; lastKnownFileType = sourcecode.swift; path = DLValidationRule.swift; sourceTree = "<group>"; };
		79C6DB822B1FC1110011C966 /* DLValidationService.swift */ = {isa = PBXFileReference; lastKnownFileType = sourcecode.swift; path = DLValidationService.swift; sourceTree = "<group>"; };
		79C6DB842B1FC5DA0011C966 /* DLVisualFeedback.swift */ = {isa = PBXFileReference; lastKnownFileType = sourcecode.swift; path = DLVisualFeedback.swift; sourceTree = "<group>"; };
		79D05D202B1B6CAF000C2D1D /* DLTextField.swift */ = {isa = PBXFileReference; lastKnownFileType = sourcecode.swift; path = DLTextField.swift; sourceTree = "<group>"; };
		79D05D272B1CA443000C2D1D /* DLTextField+Modifiers.swift */ = {isa = PBXFileReference; lastKnownFileType = sourcecode.swift; path = "DLTextField+Modifiers.swift"; sourceTree = "<group>"; };
/* End PBXFileReference section */

/* Begin PBXFrameworksBuildPhase section */
		793C46F22B17F0AC00993BC4 /* Frameworks */ = {
			isa = PBXFrameworksBuildPhase;
			buildActionMask = 2147483647;
			files = (
			);
			runOnlyForDeploymentPostprocessing = 0;
		};
/* End PBXFrameworksBuildPhase section */

/* Begin PBXGroup section */
		793C46EB2B17F0AC00993BC4 = {
			isa = PBXGroup;
			children = (
				793C46F72B17F0AC00993BC4 /* DeathNote */,
				793C46F62B17F0AC00993BC4 /* Products */,
			);
			sourceTree = "<group>";
		};
		793C46F62B17F0AC00993BC4 /* Products */ = {
			isa = PBXGroup;
			children = (
				793C46F52B17F0AC00993BC4 /* DeathNote.framework */,
			);
			name = Products;
			sourceTree = "<group>";
		};
		793C46F72B17F0AC00993BC4 /* DeathNote */ = {
			isa = PBXGroup;
			children = (
				793C46F82B17F0AC00993BC4 /* DeathNote.h */,
				793C46F92B17F0AC00993BC4 /* DeathNote.docc */,
				79C6DB862B1FCA0A0011C966 /* DLTextField */,
			);
			path = DeathNote;
			sourceTree = "<group>";
		};
		79C6DB862B1FCA0A0011C966 /* DLTextField */ = {
			isa = PBXGroup;
			children = (
				79D05D202B1B6CAF000C2D1D /* DLTextField.swift */,
				79D05D272B1CA443000C2D1D /* DLTextField+Modifiers.swift */,
				79A7A54F2B1E69530009CED7 /* DLTextFieldStyle.swift */,
				79C6DB802B1FBD890011C966 /* DLValidationRule.swift */,
				79C6DB822B1FC1110011C966 /* DLValidationService.swift */,
				79C6DB842B1FC5DA0011C966 /* DLVisualFeedback.swift */,
			);
			path = DLTextField;
			sourceTree = "<group>";
		};
/* End PBXGroup section */

/* Begin PBXHeadersBuildPhase section */
		793C46F02B17F0AC00993BC4 /* Headers */ = {
			isa = PBXHeadersBuildPhase;
			buildActionMask = 2147483647;
			files = (
				793C46FB2B17F0AC00993BC4 /* DeathNote.h in Headers */,
			);
			runOnlyForDeploymentPostprocessing = 0;
		};
/* End PBXHeadersBuildPhase section */

/* Begin PBXNativeTarget section */
		793C46F42B17F0AC00993BC4 /* DeathNote */ = {
			isa = PBXNativeTarget;
			buildConfigurationList = 793C46FE2B17F0AC00993BC4 /* Build configuration list for PBXNativeTarget "DeathNote" */;
			buildPhases = (
				793C46F02B17F0AC00993BC4 /* Headers */,
				793C46F12B17F0AC00993BC4 /* Sources */,
				793C46F22B17F0AC00993BC4 /* Frameworks */,
				793C46F32B17F0AC00993BC4 /* Resources */,
			);
			buildRules = (
			);
			dependencies = (
			);
			name = DeathNote;
			productName = DeathNote;
			productReference = 793C46F52B17F0AC00993BC4 /* DeathNote.framework */;
			productType = "com.apple.product-type.framework";
		};
/* End PBXNativeTarget section */

/* Begin PBXProject section */
		793C46EC2B17F0AC00993BC4 /* Project object */ = {
			isa = PBXProject;
			attributes = {
				BuildIndependentTargetsInParallel = 1;
				LastUpgradeCheck = 1430;
				TargetAttributes = {
					793C46F42B17F0AC00993BC4 = {
						CreatedOnToolsVersion = 14.3.1;
					};
				};
			};
			buildConfigurationList = 793C46EF2B17F0AC00993BC4 /* Build configuration list for PBXProject "DeathNote" */;
			compatibilityVersion = "Xcode 14.0";
			developmentRegion = en;
			hasScannedForEncodings = 0;
			knownRegions = (
				en,
				Base,
			);
			mainGroup = 793C46EB2B17F0AC00993BC4;
			productRefGroup = 793C46F62B17F0AC00993BC4 /* Products */;
			projectDirPath = "";
			projectRoot = "";
			targets = (
				793C46F42B17F0AC00993BC4 /* DeathNote */,
			);
		};
/* End PBXProject section */

/* Begin PBXResourcesBuildPhase section */
		793C46F32B17F0AC00993BC4 /* Resources */ = {
			isa = PBXResourcesBuildPhase;
			buildActionMask = 2147483647;
			files = (
			);
			runOnlyForDeploymentPostprocessing = 0;
		};
/* End PBXResourcesBuildPhase section */

/* Begin PBXSourcesBuildPhase section */
		793C46F12B17F0AC00993BC4 /* Sources */ = {
			isa = PBXSourcesBuildPhase;
			buildActionMask = 2147483647;
			files = (
				79C6DB832B1FC1110011C966 /* DLValidationService.swift in Sources */,
				793C46FA2B17F0AC00993BC4 /* DeathNote.docc in Sources */,
				79C6DB852B1FC5DA0011C966 /* DLVisualFeedback.swift in Sources */,
				79D05D212B1B6CAF000C2D1D /* DLTextField.swift in Sources */,
				79C6DB812B1FBD890011C966 /* DLValidationRule.swift in Sources */,
				79D05D282B1CA443000C2D1D /* DLTextField+Modifiers.swift in Sources */,
				79A7A5502B1E69530009CED7 /* DLTextFieldStyle.swift in Sources */,
			);
			runOnlyForDeploymentPostprocessing = 0;
		};
/* End PBXSourcesBuildPhase section */

/* Begin XCBuildConfiguration section */
		793C46FC2B17F0AC00993BC4 /* Debug */ = {
			isa = XCBuildConfiguration;
			buildSettings = {
				ALWAYS_SEARCH_USER_PATHS = NO;
				CLANG_ANALYZER_NONNULL = YES;
				CLANG_ANALYZER_NUMBER_OBJECT_CONVERSION = YES_AGGRESSIVE;
				CLANG_CXX_LANGUAGE_STANDARD = "gnu++20";
				CLANG_ENABLE_MODULES = YES;
				CLANG_ENABLE_OBJC_ARC = YES;
				CLANG_ENABLE_OBJC_WEAK = YES;
				CLANG_WARN_BLOCK_CAPTURE_AUTORELEASING = YES;
				CLANG_WARN_BOOL_CONVERSION = YES;
				CLANG_WARN_COMMA = YES;
				CLANG_WARN_CONSTANT_CONVERSION = YES;
				CLANG_WARN_DEPRECATED_OBJC_IMPLEMENTATIONS = YES;
				CLANG_WARN_DIRECT_OBJC_ISA_USAGE = YES_ERROR;
				CLANG_WARN_DOCUMENTATION_COMMENTS = YES;
				CLANG_WARN_EMPTY_BODY = YES;
				CLANG_WARN_ENUM_CONVERSION = YES;
				CLANG_WARN_INFINITE_RECURSION = YES;
				CLANG_WARN_INT_CONVERSION = YES;
				CLANG_WARN_NON_LITERAL_NULL_CONVERSION = YES;
				CLANG_WARN_OBJC_IMPLICIT_RETAIN_SELF = YES;
				CLANG_WARN_OBJC_LITERAL_CONVERSION = YES;
				CLANG_WARN_OBJC_ROOT_CLASS = YES_ERROR;
				CLANG_WARN_QUOTED_INCLUDE_IN_FRAMEWORK_HEADER = YES;
				CLANG_WARN_RANGE_LOOP_ANALYSIS = YES;
				CLANG_WARN_STRICT_PROTOTYPES = YES;
				CLANG_WARN_SUSPICIOUS_MOVE = YES;
				CLANG_WARN_UNGUARDED_AVAILABILITY = YES_AGGRESSIVE;
				CLANG_WARN_UNREACHABLE_CODE = YES;
				CLANG_WARN__DUPLICATE_METHOD_MATCH = YES;
				COPY_PHASE_STRIP = NO;
				CURRENT_PROJECT_VERSION = 1;
				DEBUG_INFORMATION_FORMAT = dwarf;
				ENABLE_STRICT_OBJC_MSGSEND = YES;
				ENABLE_TESTABILITY = YES;
				GCC_C_LANGUAGE_STANDARD = gnu11;
				GCC_DYNAMIC_NO_PIC = NO;
				GCC_NO_COMMON_BLOCKS = YES;
				GCC_OPTIMIZATION_LEVEL = 0;
				GCC_PREPROCESSOR_DEFINITIONS = (
					"DEBUG=1",
					"$(inherited)",
				);
				GCC_WARN_64_TO_32_BIT_CONVERSION = YES;
				GCC_WARN_ABOUT_RETURN_TYPE = YES_ERROR;
				GCC_WARN_UNDECLARED_SELECTOR = YES;
				GCC_WARN_UNINITIALIZED_AUTOS = YES_AGGRESSIVE;
				GCC_WARN_UNUSED_FUNCTION = YES;
				GCC_WARN_UNUSED_VARIABLE = YES;
				IPHONEOS_DEPLOYMENT_TARGET = 16.4;
				MTL_ENABLE_DEBUG_INFO = INCLUDE_SOURCE;
				MTL_FAST_MATH = YES;
				ONLY_ACTIVE_ARCH = YES;
				SDKROOT = iphoneos;
				SWIFT_ACTIVE_COMPILATION_CONDITIONS = DEBUG;
				SWIFT_OPTIMIZATION_LEVEL = "-Onone";
				VERSIONING_SYSTEM = "apple-generic";
				VERSION_INFO_PREFIX = "";
			};
			name = Debug;
		};
		793C46FD2B17F0AC00993BC4 /* Release */ = {
			isa = XCBuildConfiguration;
			buildSettings = {
				ALWAYS_SEARCH_USER_PATHS = NO;
				CLANG_ANALYZER_NONNULL = YES;
				CLANG_ANALYZER_NUMBER_OBJECT_CONVERSION = YES_AGGRESSIVE;
				CLANG_CXX_LANGUAGE_STANDARD = "gnu++20";
				CLANG_ENABLE_MODULES = YES;
				CLANG_ENABLE_OBJC_ARC = YES;
				CLANG_ENABLE_OBJC_WEAK = YES;
				CLANG_WARN_BLOCK_CAPTURE_AUTORELEASING = YES;
				CLANG_WARN_BOOL_CONVERSION = YES;
				CLANG_WARN_COMMA = YES;
				CLANG_WARN_CONSTANT_CONVERSION = YES;
				CLANG_WARN_DEPRECATED_OBJC_IMPLEMENTATIONS = YES;
				CLANG_WARN_DIRECT_OBJC_ISA_USAGE = YES_ERROR;
				CLANG_WARN_DOCUMENTATION_COMMENTS = YES;
				CLANG_WARN_EMPTY_BODY = YES;
				CLANG_WARN_ENUM_CONVERSION = YES;
				CLANG_WARN_INFINITE_RECURSION = YES;
				CLANG_WARN_INT_CONVERSION = YES;
				CLANG_WARN_NON_LITERAL_NULL_CONVERSION = YES;
				CLANG_WARN_OBJC_IMPLICIT_RETAIN_SELF = YES;
				CLANG_WARN_OBJC_LITERAL_CONVERSION = YES;
				CLANG_WARN_OBJC_ROOT_CLASS = YES_ERROR;
				CLANG_WARN_QUOTED_INCLUDE_IN_FRAMEWORK_HEADER = YES;
				CLANG_WARN_RANGE_LOOP_ANALYSIS = YES;
				CLANG_WARN_STRICT_PROTOTYPES = YES;
				CLANG_WARN_SUSPICIOUS_MOVE = YES;
				CLANG_WARN_UNGUARDED_AVAILABILITY = YES_AGGRESSIVE;
				CLANG_WARN_UNREACHABLE_CODE = YES;
				CLANG_WARN__DUPLICATE_METHOD_MATCH = YES;
				COPY_PHASE_STRIP = NO;
				CURRENT_PROJECT_VERSION = 1;
				DEBUG_INFORMATION_FORMAT = "dwarf-with-dsym";
				ENABLE_NS_ASSERTIONS = NO;
				ENABLE_STRICT_OBJC_MSGSEND = YES;
				GCC_C_LANGUAGE_STANDARD = gnu11;
				GCC_NO_COMMON_BLOCKS = YES;
				GCC_WARN_64_TO_32_BIT_CONVERSION = YES;
				GCC_WARN_ABOUT_RETURN_TYPE = YES_ERROR;
				GCC_WARN_UNDECLARED_SELECTOR = YES;
				GCC_WARN_UNINITIALIZED_AUTOS = YES_AGGRESSIVE;
				GCC_WARN_UNUSED_FUNCTION = YES;
				GCC_WARN_UNUSED_VARIABLE = YES;
				IPHONEOS_DEPLOYMENT_TARGET = 16.4;
				MTL_ENABLE_DEBUG_INFO = NO;
				MTL_FAST_MATH = YES;
				SDKROOT = iphoneos;
				SWIFT_COMPILATION_MODE = wholemodule;
				SWIFT_OPTIMIZATION_LEVEL = "-O";
				VALIDATE_PRODUCT = YES;
				VERSIONING_SYSTEM = "apple-generic";
				VERSION_INFO_PREFIX = "";
			};
			name = Release;
		};
		793C46FF2B17F0AC00993BC4 /* Debug */ = {
			isa = XCBuildConfiguration;
			buildSettings = {
				CODE_SIGN_STYLE = Automatic;
				CURRENT_PROJECT_VERSION = 1;
				DEFINES_MODULE = YES;
				DEVELOPMENT_TEAM = VNU8KKW4GG;
				DYLIB_COMPATIBILITY_VERSION = 1;
				DYLIB_CURRENT_VERSION = 1;
				DYLIB_INSTALL_NAME_BASE = "@rpath";
				ENABLE_MODULE_VERIFIER = YES;
				GENERATE_INFOPLIST_FILE = YES;
				INFOPLIST_KEY_NSHumanReadableCopyright = "";
				INSTALL_PATH = "$(LOCAL_LIBRARY_DIR)/Frameworks";
				LD_RUNPATH_SEARCH_PATHS = (
					"$(inherited)",
					"@executable_path/Frameworks",
					"@loader_path/Frameworks",
				);
				MARKETING_VERSION = 1.0;
				MODULE_VERIFIER_SUPPORTED_LANGUAGES = "objective-c objective-c++";
				MODULE_VERIFIER_SUPPORTED_LANGUAGE_STANDARDS = "gnu11 gnu++20";
				PRODUCT_BUNDLE_IDENTIFIER = com.ukma.edu.litvinchuk.DeathNote;
				PRODUCT_NAME = "$(TARGET_NAME:c99extidentifier)";
				SKIP_INSTALL = YES;
				SWIFT_EMIT_LOC_STRINGS = YES;
				SWIFT_VERSION = 5.0;
				TARGETED_DEVICE_FAMILY = "1,2";
			};
			name = Debug;
		};
		793C47002B17F0AC00993BC4 /* Release */ = {
			isa = XCBuildConfiguration;
			buildSettings = {
				CODE_SIGN_STYLE = Automatic;
				CURRENT_PROJECT_VERSION = 1;
				DEFINES_MODULE = YES;
				DEVELOPMENT_TEAM = VNU8KKW4GG;
				DYLIB_COMPATIBILITY_VERSION = 1;
				DYLIB_CURRENT_VERSION = 1;
				DYLIB_INSTALL_NAME_BASE = "@rpath";
				ENABLE_MODULE_VERIFIER = YES;
				GENERATE_INFOPLIST_FILE = YES;
				INFOPLIST_KEY_NSHumanReadableCopyright = "";
				INSTALL_PATH = "$(LOCAL_LIBRARY_DIR)/Frameworks";
				LD_RUNPATH_SEARCH_PATHS = (
					"$(inherited)",
					"@executable_path/Frameworks",
					"@loader_path/Frameworks",
				);
				MARKETING_VERSION = 1.0;
				MODULE_VERIFIER_SUPPORTED_LANGUAGES = "objective-c objective-c++";
				MODULE_VERIFIER_SUPPORTED_LANGUAGE_STANDARDS = "gnu11 gnu++20";
				PRODUCT_BUNDLE_IDENTIFIER = com.ukma.edu.litvinchuk.DeathNote;
				PRODUCT_NAME = "$(TARGET_NAME:c99extidentifier)";
				SKIP_INSTALL = YES;
				SWIFT_EMIT_LOC_STRINGS = YES;
				SWIFT_VERSION = 5.0;
				TARGETED_DEVICE_FAMILY = "1,2";
			};
			name = Release;
		};
/* End XCBuildConfiguration section */

/* Begin XCConfigurationList section */
		793C46EF2B17F0AC00993BC4 /* Build configuration list for PBXProject "DeathNote" */ = {
			isa = XCConfigurationList;
			buildConfigurations = (
				793C46FC2B17F0AC00993BC4 /* Debug */,
				793C46FD2B17F0AC00993BC4 /* Release */,
			);
			defaultConfigurationIsVisible = 0;
			defaultConfigurationName = Release;
		};
		793C46FE2B17F0AC00993BC4 /* Build configuration list for PBXNativeTarget "DeathNote" */ = {
			isa = XCConfigurationList;
			buildConfigurations = (
				793C46FF2B17F0AC00993BC4 /* Debug */,
				793C47002B17F0AC00993BC4 /* Release */,
			);
			defaultConfigurationIsVisible = 0;
			defaultConfigurationName = Release;
		};
/* End XCConfigurationList section */
	};
	rootObject = 793C46EC2B17F0AC00993BC4 /* Project object */;
}
